
Microsoft Visual Studio Solution File, Format Version 12.00
# Visual Studio Version 16
VisualStudioVersion = 16.0.30711.63
MinimumVisualStudioVersion = 10.0.40219.1
Project("{CC5FD16D-436D-48AD-A40C-5A424C6E3E79}") = "AzureCloudService2", "AzureCloudService2\AzureCloudService2.ccproj", "{EF8EF0C9-1AE2-4A34-BC45-7E434E1C7B28}"
EndProject
Project("{FAE04EC0-301F-11D3-BF4B-00C04F79EFBC}") = "WebRole1", "WebRole1\WebRole1.csproj", "{9BFA3113-414B-408E-AF01-8E71E9E0F277}"
EndProject
Global
	GlobalSection(SolutionConfigurationPlatforms) = preSolution
		Debug|Any CPU = Debug|Any CPU
		Release|Any CPU = Release|Any CPU
	EndGlobalSection
	GlobalSection(ProjectConfigurationPlatforms) = postSolution
		{EF8EF0C9-1AE2-4A34-BC45-7E434E1C7B28}.Debug|Any CPU.ActiveCfg = Debug|Any CPU
		{EF8EF0C9-1AE2-4A34-BC45-7E434E1C7B28}.Debug|Any CPU.Build.0 = Debug|Any CPU
		{EF8EF0C9-1AE2-4A34-BC45-7E434E1C7B28}.Release|Any CPU.ActiveCfg = Release|Any CPU
		{EF8EF0C9-1AE2-4A34-BC45-7E434E1C7B28}.Release|Any CPU.Build.0 = Release|Any CPU
		{9BFA3113-414B-408E-AF01-8E71E9E0F277}.Debug|Any CPU.ActiveCfg = Debug|Any CPU
		{9BFA3113-414B-408E-AF01-8E71E9E0F277}.Debug|Any CPU.Build.0 = Debug|Any CPU
		{9BFA3113-414B-408E-AF01-8E71E9E0F277}.Release|Any CPU.ActiveCfg = Release|Any CPU
		{9BFA3113-414B-408E-AF01-8E71E9E0F277}.Release|Any CPU.Build.0 = Release|Any CPU
	EndGlobalSection
	GlobalSection(SolutionProperties) = preSolution
		HideSolutionNode = FALSE
	EndGlobalSection
	GlobalSection(ExtensibilityGlobals) = postSolution
		SolutionGuid = {0B101E1D-24A5-4260-8A19-1828FA0C8E08}
	EndGlobalSection
EndGlobal
