
Microsoft Visual Studio Solution File, Format Version 12.00
# Visual Studio Version 16
VisualStudioVersion = 16.0.30804.86
MinimumVisualStudioVersion = 10.0.40219.1
Project("{CC5FD16D-436D-48AD-A40C-5A424C6E3E79}") = "AzureCloudService1", "AzureCloudService1\AzureCloudService1.ccproj", "{9C53B338-CCBF-49EA-AE70-F2436FB47573}"
EndProject
Project("{FAE04EC0-301F-11D3-BF4B-00C04F79EFBC}") = "testCloudservice22", "testCloudservice22\testCloudservice22.csproj", "{CA5302F9-78EC-4D20-B78E-27C3BB903B1D}"
EndProject
Global
	GlobalSection(SolutionConfigurationPlatforms) = preSolution
		Debug|Any CPU = Debug|Any CPU
		Release|Any CPU = Release|Any CPU
	EndGlobalSection
	GlobalSection(ProjectConfigurationPlatforms) = postSolution
		{9C53B338-CCBF-49EA-AE70-F2436FB47573}.Debug|Any CPU.ActiveCfg = Debug|Any CPU
		{9C53B338-CCBF-49EA-AE70-F2436FB47573}.Debug|Any CPU.Build.0 = Debug|Any CPU
		{9C53B338-CCBF-49EA-AE70-F2436FB47573}.Release|Any CPU.ActiveCfg = Release|Any CPU
		{9C53B338-CCBF-49EA-AE70-F2436FB47573}.Release|Any CPU.Build.0 = Release|Any CPU
		{CA5302F9-78EC-4D20-B78E-27C3BB903B1D}.Debug|Any CPU.ActiveCfg = Debug|Any CPU
		{CA5302F9-78EC-4D20-B78E-27C3BB903B1D}.Debug|Any CPU.Build.0 = Debug|Any CPU
		{CA5302F9-78EC-4D20-B78E-27C3BB903B1D}.Release|Any CPU.ActiveCfg = Release|Any CPU
		{CA5302F9-78EC-4D20-B78E-27C3BB903B1D}.Release|Any CPU.Build.0 = Release|Any CPU
	EndGlobalSection
	GlobalSection(SolutionProperties) = preSolution
		HideSolutionNode = FALSE
	EndGlobalSection
	GlobalSection(ExtensibilityGlobals) = postSolution
		SolutionGuid = {DB664437-867E-4A48-BB4B-A441A99981E0}
	EndGlobalSection
EndGlobal
