
Microsoft Visual Studio Solution File, Format Version 12.00
# Visual Studio Version 16
VisualStudioVersion = 16.0.30717.126
MinimumVisualStudioVersion = 10.0.40219.1
Project("{FAE04EC0-301F-11D3-BF4B-00C04F79EFBC}") = "TestApp", "TestApp\TestApp.csproj", "{D0ED33CD-50AA-47D0-B9B6-EC474E867CD5}"
EndProject
Project("{CC5FD16D-436D-48AD-A40C-5A424C6E3E79}") = "AzureCloudService2", "AzureCloudService2\AzureCloudService2.ccproj", "{20AFEB48-BDBA-4B2F-BC8B-FEE0C2EBAE09}"
EndProject
Project("{FAE04EC0-301F-11D3-BF4B-00C04F79EFBC}") = "WebRole2", "WebRole2\WebRole2.csproj", "{11CF749F-8DA8-4BF9-8605-9AE26A337B4A}"
EndProject
Global
	GlobalSection(SolutionConfigurationPlatforms) = preSolution
		Debug|Any CPU = Debug|Any CPU
		Release|Any CPU = Release|Any CPU
	EndGlobalSection
	GlobalSection(ProjectConfigurationPlatforms) = postSolution
		{D0ED33CD-50AA-47D0-B9B6-EC474E867CD5}.Debug|Any CPU.ActiveCfg = Debug|Any CPU
		{D0ED33CD-50AA-47D0-B9B6-EC474E867CD5}.Debug|Any CPU.Build.0 = Debug|Any CPU
		{D0ED33CD-50AA-47D0-B9B6-EC474E867CD5}.Release|Any CPU.ActiveCfg = Release|Any CPU
		{D0ED33CD-50AA-47D0-B9B6-EC474E867CD5}.Release|Any CPU.Build.0 = Release|Any CPU
		{20AFEB48-BDBA-4B2F-BC8B-FEE0C2EBAE09}.Debug|Any CPU.ActiveCfg = Debug|Any CPU
		{20AFEB48-BDBA-4B2F-BC8B-FEE0C2EBAE09}.Debug|Any CPU.Build.0 = Debug|Any CPU
		{20AFEB48-BDBA-4B2F-BC8B-FEE0C2EBAE09}.Release|Any CPU.ActiveCfg = Release|Any CPU
		{20AFEB48-BDBA-4B2F-BC8B-FEE0C2EBAE09}.Release|Any CPU.Build.0 = Release|Any CPU
		{11CF749F-8DA8-4BF9-8605-9AE26A337B4A}.Debug|Any CPU.ActiveCfg = Debug|Any CPU
		{11CF749F-8DA8-4BF9-8605-9AE26A337B4A}.Debug|Any CPU.Build.0 = Debug|Any CPU
		{11CF749F-8DA8-4BF9-8605-9AE26A337B4A}.Release|Any CPU.ActiveCfg = Release|Any CPU
		{11CF749F-8DA8-4BF9-8605-9AE26A337B4A}.Release|Any CPU.Build.0 = Release|Any CPU
	EndGlobalSection
	GlobalSection(SolutionProperties) = preSolution
		HideSolutionNode = FALSE
	EndGlobalSection
	GlobalSection(ExtensibilityGlobals) = postSolution
		SolutionGuid = {1CB0F437-056E-40F7-AEFA-42600AB53892}
	EndGlobalSection
EndGlobal
